
Microsoft Visual Studio Solution File, Format Version 12.00
# Visual Studio Version 17
VisualStudioVersion = 17.1.32414.318
MinimumVisualStudioVersion = 10.0.40219.1
Project("{FAE04EC0-301F-11D3-BF4B-00C04F79EFBC}") = "AnyLearnServer", "AnyLearnServer.csproj", "{B493B616-66A8-44EA-B52F-BBF75CB22563}"
EndProject
Global
	GlobalSection(SolutionConfigurationPlatforms) = preSolution
		Debug|Any CPU = Debug|Any CPU
		Release|Any CPU = Release|Any CPU
	EndGlobalSection
	GlobalSection(ProjectConfigurationPlatforms) = postSolution
		{B493B616-66A8-44EA-B52F-BBF75CB22563}.Debug|Any CPU.ActiveCfg = Debug|Any CPU
		{B493B616-66A8-44EA-B52F-BBF75CB22563}.Debug|Any CPU.Build.0 = Debug|Any CPU
		{B493B616-66A8-44EA-B52F-BBF75CB22563}.Release|Any CPU.ActiveCfg = Release|Any CPU
		{B493B616-66A8-44EA-B52F-BBF75CB22563}.Release|Any CPU.Build.0 = Release|Any CPU
	EndGlobalSection
	GlobalSection(SolutionProperties) = preSolution
		HideSolutionNode = FALSE
	EndGlobalSection
	GlobalSection(ExtensibilityGlobals) = postSolution
		SolutionGuid = {62F62A01-0692-4B0F-B454-B3F95233D6D4}
	EndGlobalSection
EndGlobal
